
Microsoft Visual Studio Solution File, Format Version 12.00
# Visual Studio Version 16
VisualStudioVersion = 16.0.31205.134
MinimumVisualStudioVersion = 10.0.40219.1
Project("{2150E333-8FDC-42A3-9474-1A3956D46DE8}") = "src", "src", "{5C9134C6-6623-4009-8402-B4574D195723}"
EndProject
Project("{2150E333-8FDC-42A3-9474-1A3956D46DE8}") = "test", "test", "{37DB47C2-D1B0-4B53-A3CA-5E6777CE0FE7}"
EndProject
Project("{2150E333-8FDC-42A3-9474-1A3956D46DE8}") = "API", "API", "{C0E1E9CE-3D64-44C6-855C-F1E9D646A6FA}"
EndProject
Project("{2150E333-8FDC-42A3-9474-1A3956D46DE8}") = "Core", "Core", "{875511E3-2752-4DE5-B969-E7E5C99BC279}"
EndProject
Project("{2150E333-8FDC-42A3-9474-1A3956D46DE8}") = "Infrastructure", "Infrastructure", "{E95D7773-217F-4DD9-A322-542F42B3B0CD}"
EndProject
Project("{2150E333-8FDC-42A3-9474-1A3956D46DE8}") = "UI", "UI", "{50EDBA9C-2D1E-44AA-897B-A457B1E5FC6C}"
EndProject
Project("{9A19103F-16F7-4668-BE54-9A1E7A4F7556}") = "Domain", "Domain\Domain.csproj", "{73FCD319-6A63-4364-A423-DAEA7633C709}"
EndProject
Project("{9A19103F-16F7-4668-BE54-9A1E7A4F7556}") = "Application", "Application\Application.csproj", "{9DAA3633-CB97-49B3-96FC-9A6DAB368D7B}"
EndProject
Project("{FAE04EC0-301F-11D3-BF4B-00C04F79EFBC}") = "Persistence", "Persistence\Persistence.csproj", "{1CF18122-4D15-4DC4-8AAD-51A445FAD11D}"
EndProject
Global
	GlobalSection(SolutionConfigurationPlatforms) = preSolution
		Debug|Any CPU = Debug|Any CPU
		Release|Any CPU = Release|Any CPU
	EndGlobalSection
	GlobalSection(ProjectConfigurationPlatforms) = postSolution
		{73FCD319-6A63-4364-A423-DAEA7633C709}.Debug|Any CPU.ActiveCfg = Debug|Any CPU
		{73FCD319-6A63-4364-A423-DAEA7633C709}.Debug|Any CPU.Build.0 = Debug|Any CPU
		{73FCD319-6A63-4364-A423-DAEA7633C709}.Release|Any CPU.ActiveCfg = Release|Any CPU
		{73FCD319-6A63-4364-A423-DAEA7633C709}.Release|Any CPU.Build.0 = Release|Any CPU
		{9DAA3633-CB97-49B3-96FC-9A6DAB368D7B}.Debug|Any CPU.ActiveCfg = Debug|Any CPU
		{9DAA3633-CB97-49B3-96FC-9A6DAB368D7B}.Debug|Any CPU.Build.0 = Debug|Any CPU
		{9DAA3633-CB97-49B3-96FC-9A6DAB368D7B}.Release|Any CPU.ActiveCfg = Release|Any CPU
		{9DAA3633-CB97-49B3-96FC-9A6DAB368D7B}.Release|Any CPU.Build.0 = Release|Any CPU
		{1CF18122-4D15-4DC4-8AAD-51A445FAD11D}.Debug|Any CPU.ActiveCfg = Debug|Any CPU
		{1CF18122-4D15-4DC4-8AAD-51A445FAD11D}.Debug|Any CPU.Build.0 = Debug|Any CPU
		{1CF18122-4D15-4DC4-8AAD-51A445FAD11D}.Release|Any CPU.ActiveCfg = Release|Any CPU
		{1CF18122-4D15-4DC4-8AAD-51A445FAD11D}.Release|Any CPU.Build.0 = Release|Any CPU
	EndGlobalSection
	GlobalSection(SolutionProperties) = preSolution
		HideSolutionNode = FALSE
	EndGlobalSection
	GlobalSection(NestedProjects) = preSolution
		{C0E1E9CE-3D64-44C6-855C-F1E9D646A6FA} = {5C9134C6-6623-4009-8402-B4574D195723}
		{875511E3-2752-4DE5-B969-E7E5C99BC279} = {5C9134C6-6623-4009-8402-B4574D195723}
		{E95D7773-217F-4DD9-A322-542F42B3B0CD} = {5C9134C6-6623-4009-8402-B4574D195723}
		{50EDBA9C-2D1E-44AA-897B-A457B1E5FC6C} = {5C9134C6-6623-4009-8402-B4574D195723}
		{73FCD319-6A63-4364-A423-DAEA7633C709} = {875511E3-2752-4DE5-B969-E7E5C99BC279}
		{9DAA3633-CB97-49B3-96FC-9A6DAB368D7B} = {875511E3-2752-4DE5-B969-E7E5C99BC279}
		{1CF18122-4D15-4DC4-8AAD-51A445FAD11D} = {E95D7773-217F-4DD9-A322-542F42B3B0CD}
	EndGlobalSection
	GlobalSection(ExtensibilityGlobals) = postSolution
		SolutionGuid = {8A8CFB78-0187-44B9-BABE-B1B136E41659}
	EndGlobalSection
EndGlobal
